{
  "version": 4,
  "terraform_version": "1.9.0",
  "serial": 7,
  "lineage": "135cf652-ad49-e347-613f-1bd03fade39e",
  "outputs": {},
  "resources": [
    {
      "mode": "managed",
      "type": "vsphere_file",
      "name": "ubuntu_vmdk_upload",
      "provider": "provider[\"registry.terraform.io/hashicorp/vsphere\"]",
      "instances": [
        {
          "schema_version": 0,
          "attributes": {
            "create_directories": true,
            "datacenter": "Datacenter",
            "datastore": "datastore2",
            "destination_file": "zebi/kickstart.iso",
            "id": "[datastore2] Datacenter/zebi/kickstart.iso",
            "source_datacenter": null,
            "source_datastore": null,
            "source_file": "kickstart.iso"
          },
          "sensitive_attributes": [],
          "private": "bnVsbA=="
        }
      ]
    }
  ],
  "check_results": null
}
